
Microsoft Visual Studio Solution File, Format Version 12.00
# Visual Studio 14
VisualStudioVersion = 14.0.23107.0
MinimumVisualStudioVersion = 10.0.40219.1
Project("{FAE04EC0-301F-11D3-BF4B-00C04F79EFBC}") = "OSG_REST", "OSG_REST\OSG_REST.csproj", "{A5681ED9-8354-4A4A-9733-2DEBCC8F2B1B}"
EndProject
Project("{FAE04EC0-301F-11D3-BF4B-00C04F79EFBC}") = "DAL", "DAL\DAL.csproj", "{34A68A32-9F66-4657-80A8-07097FA29680}"
EndProject
Project("{FAE04EC0-301F-11D3-BF4B-00C04F79EFBC}") = "OSG_DTO", "OSG_DTO\OSG_DTO.csproj", "{94CEE814-B67A-4702-89B6-1AD5BAE5F6A8}"
EndProject
Project("{FAE04EC0-301F-11D3-BF4B-00C04F79EFBC}") = "TestDAL", "TestDAL\TestDAL.csproj", "{21294F69-A7C7-41C0-9BDD-D7C63084CF90}"
EndProject
Global
	GlobalSection(SolutionConfigurationPlatforms) = preSolution
		Debug|Any CPU = Debug|Any CPU
		Release|Any CPU = Release|Any CPU
	EndGlobalSection
	GlobalSection(ProjectConfigurationPlatforms) = postSolution
		{A5681ED9-8354-4A4A-9733-2DEBCC8F2B1B}.Debug|Any CPU.ActiveCfg = Debug|Any CPU
		{A5681ED9-8354-4A4A-9733-2DEBCC8F2B1B}.Debug|Any CPU.Build.0 = Debug|Any CPU
		{A5681ED9-8354-4A4A-9733-2DEBCC8F2B1B}.Release|Any CPU.ActiveCfg = Release|Any CPU
		{A5681ED9-8354-4A4A-9733-2DEBCC8F2B1B}.Release|Any CPU.Build.0 = Release|Any CPU
		{34A68A32-9F66-4657-80A8-07097FA29680}.Debug|Any CPU.ActiveCfg = Debug|Any CPU
		{34A68A32-9F66-4657-80A8-07097FA29680}.Debug|Any CPU.Build.0 = Debug|Any CPU
		{34A68A32-9F66-4657-80A8-07097FA29680}.Release|Any CPU.ActiveCfg = Release|Any CPU
		{34A68A32-9F66-4657-80A8-07097FA29680}.Release|Any CPU.Build.0 = Release|Any CPU
		{94CEE814-B67A-4702-89B6-1AD5BAE5F6A8}.Debug|Any CPU.ActiveCfg = Debug|Any CPU
		{94CEE814-B67A-4702-89B6-1AD5BAE5F6A8}.Debug|Any CPU.Build.0 = Debug|Any CPU
		{94CEE814-B67A-4702-89B6-1AD5BAE5F6A8}.Release|Any CPU.ActiveCfg = Release|Any CPU
		{94CEE814-B67A-4702-89B6-1AD5BAE5F6A8}.Release|Any CPU.Build.0 = Release|Any CPU
		{21294F69-A7C7-41C0-9BDD-D7C63084CF90}.Debug|Any CPU.ActiveCfg = Debug|Any CPU
		{21294F69-A7C7-41C0-9BDD-D7C63084CF90}.Debug|Any CPU.Build.0 = Debug|Any CPU
		{21294F69-A7C7-41C0-9BDD-D7C63084CF90}.Release|Any CPU.ActiveCfg = Release|Any CPU
		{21294F69-A7C7-41C0-9BDD-D7C63084CF90}.Release|Any CPU.Build.0 = Release|Any CPU
	EndGlobalSection
	GlobalSection(SolutionProperties) = preSolution
		HideSolutionNode = FALSE
	EndGlobalSection
EndGlobal
